// !$*UTF8*$!
{
	archiveVersion = 1;
	classes = {
	};
	objectVersion = 55;
	objects = {

/* Begin PBXBuildFile section */
		53A7EF24286A2A6A008F4444 /* AppDelegate.m in Sources */ = {isa = PBXBuildFile; fileRef = 53A7EF23286A2A6A008F4444 /* AppDelegate.m */; };
		53A7EF27286A2A6A008F4444 /* SceneDelegate.m in Sources */ = {isa = PBXBuildFile; fileRef = 53A7EF26286A2A6A008F4444 /* SceneDelegate.m */; };
		53A7EF2A286A2A6A008F4444 /* ViewController.m in Sources */ = {isa = PBXBuildFile; fileRef = 53A7EF29286A2A6A008F4444 /* ViewController.m */; };
		53A7EF2D286A2A6A008F4444 /* Main.storyboard in Resources */ = {isa = PBXBuildFile; fileRef = 53A7EF2B286A2A6A008F4444 /* Main.storyboard */; };
		53A7EF2F286A2A6B008F4444 /* Assets.xcassets in Resources */ = {isa = PBXBuildFile; fileRef = 53A7EF2E286A2A6B008F4444 /* Assets.xcassets */; };
		53A7EF32286A2A6B008F4444 /* LaunchScreen.storyboard in Resources */ = {isa = PBXBuildFile; fileRef = 53A7EF30286A2A6B008F4444 /* LaunchScreen.storyboard */; };
		53A7EF35286A2A6B008F4444 /* main.m in Sources */ = {isa = PBXBuildFile; fileRef = 53A7EF34286A2A6B008F4444 /* main.m */; };
		53A7EF3F286A2A6B008F4444 /* InstagramTests.m in Sources */ = {isa = PBXBuildFile; fileRef = 53A7EF3E286A2A6B008F4444 /* InstagramTests.m */; };
		53A7EF49286A2A6B008F4444 /* InstagramUITests.m in Sources */ = {isa = PBXBuildFile; fileRef = 53A7EF48286A2A6B008F4444 /* InstagramUITests.m */; };
		53A7EF4B286A2A6B008F4444 /* InstagramUITestsLaunchTests.m in Sources */ = {isa = PBXBuildFile; fileRef = 53A7EF4A286A2A6B008F4444 /* InstagramUITestsLaunchTests.m */; };
/* End PBXBuildFile section */

/* Begin PBXContainerItemProxy section */
		53A7EF3B286A2A6B008F4444 /* PBXContainerItemProxy */ = {
			isa = PBXContainerItemProxy;
			containerPortal = 53A7EF17286A2A6A008F4444 /* Project object */;
			proxyType = 1;
			remoteGlobalIDString = 53A7EF1E286A2A6A008F4444;
			remoteInfo = Instagram;
		};
		53A7EF45286A2A6B008F4444 /* PBXContainerItemProxy */ = {
			isa = PBXContainerItemProxy;
			containerPortal = 53A7EF17286A2A6A008F4444 /* Project object */;
			proxyType = 1;
			remoteGlobalIDString = 53A7EF1E286A2A6A008F4444;
			remoteInfo = Instagram;
		};
/* End PBXContainerItemProxy section */

/* Begin PBXFileReference section */
		53A7EF1F286A2A6A008F4444 /* Instagram.app */ = {isa = PBXFileReference; explicitFileType = wrapper.application; includeInIndex = 0; path = Instagram.app; sourceTree = BUILT_PRODUCTS_DIR; };
		53A7EF22286A2A6A008F4444 /* AppDelegate.h */ = {isa = PBXFileReference; lastKnownFileType = sourcecode.c.h; path = AppDelegate.h; sourceTree = "<group>"; };
		53A7EF23286A2A6A008F4444 /* AppDelegate.m */ = {isa = PBXFileReference; lastKnownFileType = sourcecode.c.objc; path = AppDelegate.m; sourceTree = "<group>"; };
		53A7EF25286A2A6A008F4444 /* SceneDelegate.h */ = {isa = PBXFileReference; lastKnownFileType = sourcecode.c.h; path = SceneDelegate.h; sourceTree = "<group>"; };
		53A7EF26286A2A6A008F4444 /* SceneDelegate.m */ = {isa = PBXFileReference; lastKnownFileType = sourcecode.c.objc; path = SceneDelegate.m; sourceTree = "<group>"; };
		53A7EF28286A2A6A008F4444 /* ViewController.h */ = {isa = PBXFileReference; lastKnownFileType = sourcecode.c.h; path = ViewController.h; sourceTree = "<group>"; };
		53A7EF29286A2A6A008F4444 /* ViewController.m */ = {isa = PBXFileReference; lastKnownFileType = sourcecode.c.objc; path = ViewController.m; sourceTree = "<group>"; };
		53A7EF2C286A2A6A008F4444 /* Base */ = {isa = PBXFileReference; lastKnownFileType = file.storyboard; name = Base; path = Base.lproj/Main.storyboard; sourceTree = "<group>"; };
		53A7EF2E286A2A6B008F4444 /* Assets.xcassets */ = {isa = PBXFileReference; lastKnownFileType = folder.assetcatalog; path = Assets.xcassets; sourceTree = "<group>"; };
		53A7EF31286A2A6B008F4444 /* Base */ = {isa = PBXFileReference; lastKnownFileType = file.storyboard; name = Base; path = Base.lproj/LaunchScreen.storyboard; sourceTree = "<group>"; };
		53A7EF33286A2A6B008F4444 /* Info.plist */ = {isa = PBXFileReference; lastKnownFileType = text.plist.xml; path = Info.plist; sourceTree = "<group>"; };
		53A7EF34286A2A6B008F4444 /* main.m */ = {isa = PBXFileReference; lastKnownFileType = sourcecode.c.objc; path = main.m; sourceTree = "<group>"; };
		53A7EF3A286A2A6B008F4444 /* InstagramTests.xctest */ = {isa = PBXFileReference; explicitFileType = wrapper.cfbundle; includeInIndex = 0; path = InstagramTests.xctest; sourceTree = BUILT_PRODUCTS_DIR; };
		53A7EF3E286A2A6B008F4444 /* InstagramTests.m */ = {isa = PBXFileReference; lastKnownFileType = sourcecode.c.objc; path = InstagramTests.m; sourceTree = "<group>"; };
		53A7EF44286A2A6B008F4444 /* InstagramUITests.xctest */ = {isa = PBXFileReference; explicitFileType = wrapper.cfbundle; includeInIndex = 0; path = InstagramUITests.xctest; sourceTree = BUILT_PRODUCTS_DIR; };
		53A7EF48286A2A6B008F4444 /* InstagramUITests.m */ = {isa = PBXFileReference; lastKnownFileType = sourcecode.c.objc; path = InstagramUITests.m; sourceTree = "<group>"; };
		53A7EF4A286A2A6B008F4444 /* InstagramUITestsLaunchTests.m */ = {isa = PBXFileReference; lastKnownFileType = sourcecode.c.objc; path = InstagramUITestsLaunchTests.m; sourceTree = "<group>"; };
/* End PBXFileReference section */

/* Begin PBXFrameworksBuildPhase section */
		53A7EF1C286A2A6A008F4444 /* Frameworks */ = {
			isa = PBXFrameworksBuildPhase;
			buildActionMask = 2147483647;
			files = (
			);
			runOnlyForDeploymentPostprocessing = 0;
		};
		53A7EF37286A2A6B008F4444 /* Frameworks */ = {
			isa = PBXFrameworksBuildPhase;
			buildActionMask = 2147483647;
			files = (
			);
			runOnlyForDeploymentPostprocessing = 0;
		};
		53A7EF41286A2A6B008F4444 /* Frameworks */ = {
			isa = PBXFrameworksBuildPhase;
			buildActionMask = 2147483647;
			files = (
			);
			runOnlyForDeploymentPostprocessing = 0;
		};
/* End PBXFrameworksBuildPhase section */

/* Begin PBXGroup section */
		53A7EF16286A2A6A008F4444 = {
			isa = PBXGroup;
			children = (
				53A7EF21286A2A6A008F4444 /* Instagram */,
				53A7EF3D286A2A6B008F4444 /* InstagramTests */,
				53A7EF47286A2A6B008F4444 /* InstagramUITests */,
				53A7EF20286A2A6A008F4444 /* Products */,
			);
			sourceTree = "<group>";
		};
		53A7EF20286A2A6A008F4444 /* Products */ = {
			isa = PBXGroup;
			children = (
				53A7EF1F286A2A6A008F4444 /* Instagram.app */,
				53A7EF3A286A2A6B008F4444 /* InstagramTests.xctest */,
				53A7EF44286A2A6B008F4444 /* InstagramUITests.xctest */,
			);
			name = Products;
			sourceTree = "<group>";
		};
		53A7EF21286A2A6A008F4444 /* Instagram */ = {
			isa = PBXGroup;
			children = (
				53A7EF22286A2A6A008F4444 /* AppDelegate.h */,
				53A7EF23286A2A6A008F4444 /* AppDelegate.m */,
				53A7EF25286A2A6A008F4444 /* SceneDelegate.h */,
				53A7EF26286A2A6A008F4444 /* SceneDelegate.m */,
				53A7EF28286A2A6A008F4444 /* ViewController.h */,
				53A7EF29286A2A6A008F4444 /* ViewController.m */,
				53A7EF2B286A2A6A008F4444 /* Main.storyboard */,
				53A7EF2E286A2A6B008F4444 /* Assets.xcassets */,
				53A7EF30286A2A6B008F4444 /* LaunchScreen.storyboard */,
				53A7EF33286A2A6B008F4444 /* Info.plist */,
				53A7EF34286A2A6B008F4444 /* main.m */,
			);
			path = Instagram;
			sourceTree = "<group>";
		};
		53A7EF3D286A2A6B008F4444 /* InstagramTests */ = {
			isa = PBXGroup;
			children = (
				53A7EF3E286A2A6B008F4444 /* InstagramTests.m */,
			);
			path = InstagramTests;
			sourceTree = "<group>";
		};
		53A7EF47286A2A6B008F4444 /* InstagramUITests */ = {
			isa = PBXGroup;
			children = (
				53A7EF48286A2A6B008F4444 /* InstagramUITests.m */,
				53A7EF4A286A2A6B008F4444 /* InstagramUITestsLaunchTests.m */,
			);
			path = InstagramUITests;
			sourceTree = "<group>";
		};
/* End PBXGroup section */

/* Begin PBXNativeTarget section */
		53A7EF1E286A2A6A008F4444 /* Instagram */ = {
			isa = PBXNativeTarget;
			buildConfigurationList = 53A7EF4E286A2A6B008F4444 /* Build configuration list for PBXNativeTarget "Instagram" */;
			buildPhases = (
				53A7EF1B286A2A6A008F4444 /* Sources */,
				53A7EF1C286A2A6A008F4444 /* Frameworks */,
				53A7EF1D286A2A6A008F4444 /* Resources */,
			);
			buildRules = (
			);
			dependencies = (
			);
			name = Instagram;
			productName = Instagram;
			productReference = 53A7EF1F286A2A6A008F4444 /* Instagram.app */;
			productType = "com.apple.product-type.application";
		};
		53A7EF39286A2A6B008F4444 /* InstagramTests */ = {
			isa = PBXNativeTarget;
			buildConfigurationList = 53A7EF51286A2A6B008F4444 /* Build configuration list for PBXNativeTarget "InstagramTests" */;
			buildPhases = (
				53A7EF36286A2A6B008F4444 /* Sources */,
				53A7EF37286A2A6B008F4444 /* Frameworks */,
				53A7EF38286A2A6B008F4444 /* Resources */,
			);
			buildRules = (
			);
			dependencies = (
				53A7EF3C286A2A6B008F4444 /* PBXTargetDependency */,
			);
			name = InstagramTests;
			productName = InstagramTests;
			productReference = 53A7EF3A286A2A6B008F4444 /* InstagramTests.xctest */;
			productType = "com.apple.product-type.bundle.unit-test";
		};
		53A7EF43286A2A6B008F4444 /* InstagramUITests */ = {
			isa = PBXNativeTarget;
			buildConfigurationList = 53A7EF54286A2A6B008F4444 /* Build configuration list for PBXNativeTarget "InstagramUITests" */;
			buildPhases = (
				53A7EF40286A2A6B008F4444 /* Sources */,
				53A7EF41286A2A6B008F4444 /* Frameworks */,
				53A7EF42286A2A6B008F4444 /* Resources */,
			);
			buildRules = (
			);
			dependencies = (
				53A7EF46286A2A6B008F4444 /* PBXTargetDependency */,
			);
			name = InstagramUITests;
			productName = InstagramUITests;
			productReference = 53A7EF44286A2A6B008F4444 /* InstagramUITests.xctest */;
			productType = "com.apple.product-type.bundle.ui-testing";
		};
/* End PBXNativeTarget section */

/* Begin PBXProject section */
		53A7EF17286A2A6A008F4444 /* Project object */ = {
			isa = PBXProject;
			attributes = {
				BuildIndependentTargetsInParallel = 1;
				LastUpgradeCheck = 1340;
				TargetAttributes = {
					53A7EF1E286A2A6A008F4444 = {
						CreatedOnToolsVersion = 13.4;
					};
					53A7EF39286A2A6B008F4444 = {
						CreatedOnToolsVersion = 13.4;
						TestTargetID = 53A7EF1E286A2A6A008F4444;
					};
					53A7EF43286A2A6B008F4444 = {
						CreatedOnToolsVersion = 13.4;
						TestTargetID = 53A7EF1E286A2A6A008F4444;
					};
				};
			};
			buildConfigurationList = 53A7EF1A286A2A6A008F4444 /* Build configuration list for PBXProject "Instagram" */;
			compatibilityVersion = "Xcode 13.0";
			developmentRegion = en;
			hasScannedForEncodings = 0;
			knownRegions = (
				en,
				Base,
			);
			mainGroup = 53A7EF16286A2A6A008F4444;
			productRefGroup = 53A7EF20286A2A6A008F4444 /* Products */;
			projectDirPath = "";
			projectRoot = "";
			targets = (
				53A7EF1E286A2A6A008F4444 /* Instagram */,
				53A7EF39286A2A6B008F4444 /* InstagramTests */,
				53A7EF43286A2A6B008F4444 /* InstagramUITests */,
			);
		};
/* End PBXProject section */

/* Begin PBXResourcesBuildPhase section */
		53A7EF1D286A2A6A008F4444 /* Resources */ = {
			isa = PBXResourcesBuildPhase;
			buildActionMask = 2147483647;
			files = (
				53A7EF32286A2A6B008F4444 /* LaunchScreen.storyboard in Resources */,
				53A7EF2F286A2A6B008F4444 /* Assets.xcassets in Resources */,
				53A7EF2D286A2A6A008F4444 /* Main.storyboard in Resources */,
			);
			runOnlyForDeploymentPostprocessing = 0;
		};
		53A7EF38286A2A6B008F4444 /* Resources */ = {
			isa = PBXResourcesBuildPhase;
			buildActionMask = 2147483647;
			files = (
			);
			runOnlyForDeploymentPostprocessing = 0;
		};
		53A7EF42286A2A6B008F4444 /* Resources */ = {
			isa = PBXResourcesBuildPhase;
			buildActionMask = 2147483647;
			files = (
			);
			runOnlyForDeploymentPostprocessing = 0;
		};
/* End PBXResourcesBuildPhase section */

/* Begin PBXSourcesBuildPhase section */
		53A7EF1B286A2A6A008F4444 /* Sources */ = {
			isa = PBXSourcesBuildPhase;
			buildActionMask = 2147483647;
			files = (
				53A7EF2A286A2A6A008F4444 /* ViewController.m in Sources */,
				53A7EF24286A2A6A008F4444 /* AppDelegate.m in Sources */,
				53A7EF35286A2A6B008F4444 /* main.m in Sources */,
				53A7EF27286A2A6A008F4444 /* SceneDelegate.m in Sources */,
			);
			runOnlyForDeploymentPostprocessing = 0;
		};
		53A7EF36286A2A6B008F4444 /* Sources */ = {
			isa = PBXSourcesBuildPhase;
			buildActionMask = 2147483647;
			files = (
				53A7EF3F286A2A6B008F4444 /* InstagramTests.m in Sources */,
			);
			runOnlyForDeploymentPostprocessing = 0;
		};
		53A7EF40286A2A6B008F4444 /* Sources */ = {
			isa = PBXSourcesBuildPhase;
			buildActionMask = 2147483647;
			files = (
				53A7EF49286A2A6B008F4444 /* InstagramUITests.m in Sources */,
				53A7EF4B286A2A6B008F4444 /* InstagramUITestsLaunchTests.m in Sources */,
			);
			runOnlyForDeploymentPostprocessing = 0;
		};
/* End PBXSourcesBuildPhase section */

/* Begin PBXTargetDependency section */
		53A7EF3C286A2A6B008F4444 /* PBXTargetDependency */ = {
			isa = PBXTargetDependency;
			target = 53A7EF1E286A2A6A008F4444 /* Instagram */;
			targetProxy = 53A7EF3B286A2A6B008F4444 /* PBXContainerItemProxy */;
		};
		53A7EF46286A2A6B008F4444 /* PBXTargetDependency */ = {
			isa = PBXTargetDependency;
			target = 53A7EF1E286A2A6A008F4444 /* Instagram */;
			targetProxy = 53A7EF45286A2A6B008F4444 /* PBXContainerItemProxy */;
		};
/* End PBXTargetDependency section */

/* Begin PBXVariantGroup section */
		53A7EF2B286A2A6A008F4444 /* Main.storyboard */ = {
			isa = PBXVariantGroup;
			children = (
				53A7EF2C286A2A6A008F4444 /* Base */,
			);
			name = Main.storyboard;
			sourceTree = "<group>";
		};
		53A7EF30286A2A6B008F4444 /* LaunchScreen.storyboard */ = {
			isa = PBXVariantGroup;
			children = (
				53A7EF31286A2A6B008F4444 /* Base */,
			);
			name = LaunchScreen.storyboard;
			sourceTree = "<group>";
		};
/* End PBXVariantGroup section */

/* Begin XCBuildConfiguration section */
		53A7EF4C286A2A6B008F4444 /* Debug */ = {
			isa = XCBuildConfiguration;
			buildSettings = {
				ALWAYS_SEARCH_USER_PATHS = NO;
				CLANG_ANALYZER_NONNULL = YES;
				CLANG_ANALYZER_NUMBER_OBJECT_CONVERSION = YES_AGGRESSIVE;
				CLANG_CXX_LANGUAGE_STANDARD = "gnu++17";
				CLANG_ENABLE_MODULES = YES;
				CLANG_ENABLE_OBJC_ARC = YES;
				CLANG_ENABLE_OBJC_WEAK = YES;
				CLANG_WARN_BLOCK_CAPTURE_AUTORELEASING = YES;
				CLANG_WARN_BOOL_CONVERSION = YES;
				CLANG_WARN_COMMA = YES;
				CLANG_WARN_CONSTANT_CONVERSION = YES;
				CLANG_WARN_DEPRECATED_OBJC_IMPLEMENTATIONS = YES;
				CLANG_WARN_DIRECT_OBJC_ISA_USAGE = YES_ERROR;
				CLANG_WARN_DOCUMENTATION_COMMENTS = YES;
				CLANG_WARN_EMPTY_BODY = YES;
				CLANG_WARN_ENUM_CONVERSION = YES;
				CLANG_WARN_INFINITE_RECURSION = YES;
				CLANG_WARN_INT_CONVERSION = YES;
				CLANG_WARN_NON_LITERAL_NULL_CONVERSION = YES;
				CLANG_WARN_OBJC_IMPLICIT_RETAIN_SELF = YES;
				CLANG_WARN_OBJC_LITERAL_CONVERSION = YES;
				CLANG_WARN_OBJC_ROOT_CLASS = YES_ERROR;
				CLANG_WARN_QUOTED_INCLUDE_IN_FRAMEWORK_HEADER = YES;
				CLANG_WARN_RANGE_LOOP_ANALYSIS = YES;
				CLANG_WARN_STRICT_PROTOTYPES = YES;
				CLANG_WARN_SUSPICIOUS_MOVE = YES;
				CLANG_WARN_UNGUARDED_AVAILABILITY = YES_AGGRESSIVE;
				CLANG_WARN_UNREACHABLE_CODE = YES;
				CLANG_WARN__DUPLICATE_METHOD_MATCH = YES;
				COPY_PHASE_STRIP = NO;
				DEBUG_INFORMATION_FORMAT = dwarf;
				ENABLE_STRICT_OBJC_MSGSEND = YES;
				ENABLE_TESTABILITY = YES;
				GCC_C_LANGUAGE_STANDARD = gnu11;
				GCC_DYNAMIC_NO_PIC = NO;
				GCC_NO_COMMON_BLOCKS = YES;
				GCC_OPTIMIZATION_LEVEL = 0;
				GCC_PREPROCESSOR_DEFINITIONS = (
					"DEBUG=1",
					"$(inherited)",
				);
				GCC_WARN_64_TO_32_BIT_CONVERSION = YES;
				GCC_WARN_ABOUT_RETURN_TYPE = YES_ERROR;
				GCC_WARN_UNDECLARED_SELECTOR = YES;
				GCC_WARN_UNINITIALIZED_AUTOS = YES_AGGRESSIVE;
				GCC_WARN_UNUSED_FUNCTION = YES;
				GCC_WARN_UNUSED_VARIABLE = YES;
				IPHONEOS_DEPLOYMENT_TARGET = 15.5;
				MTL_ENABLE_DEBUG_INFO = INCLUDE_SOURCE;
				MTL_FAST_MATH = YES;
				ONLY_ACTIVE_ARCH = YES;
				SDKROOT = iphoneos;
			};
			name = Debug;
		};
		53A7EF4D286A2A6B008F4444 /* Release */ = {
			isa = XCBuildConfiguration;
			buildSettings = {
				ALWAYS_SEARCH_USER_PATHS = NO;
				CLANG_ANALYZER_NONNULL = YES;
				CLANG_ANALYZER_NUMBER_OBJECT_CONVERSION = YES_AGGRESSIVE;
				CLANG_CXX_LANGUAGE_STANDARD = "gnu++17";
				CLANG_ENABLE_MODULES = YES;
				CLANG_ENABLE_OBJC_ARC = YES;
				CLANG_ENABLE_OBJC_WEAK = YES;
				CLANG_WARN_BLOCK_CAPTURE_AUTORELEASING = YES;
				CLANG_WARN_BOOL_CONVERSION = YES;
				CLANG_WARN_COMMA = YES;
				CLANG_WARN_CONSTANT_CONVERSION = YES;
				CLANG_WARN_DEPRECATED_OBJC_IMPLEMENTATIONS = YES;
				CLANG_WARN_DIRECT_OBJC_ISA_USAGE = YES_ERROR;
				CLANG_WARN_DOCUMENTATION_COMMENTS = YES;
				CLANG_WARN_EMPTY_BODY = YES;
				CLANG_WARN_ENUM_CONVERSION = YES;
				CLANG_WARN_INFINITE_RECURSION = YES;
				CLANG_WARN_INT_CONVERSION = YES;
				CLANG_WARN_NON_LITERAL_NULL_CONVERSION = YES;
				CLANG_WARN_OBJC_IMPLICIT_RETAIN_SELF = YES;
				CLANG_WARN_OBJC_LITERAL_CONVERSION = YES;
				CLANG_WARN_OBJC_ROOT_CLASS = YES_ERROR;
				CLANG_WARN_QUOTED_INCLUDE_IN_FRAMEWORK_HEADER = YES;
				CLANG_WARN_RANGE_LOOP_ANALYSIS = YES;
				CLANG_WARN_STRICT_PROTOTYPES = YES;
				CLANG_WARN_SUSPICIOUS_MOVE = YES;
				CLANG_WARN_UNGUARDED_AVAILABILITY = YES_AGGRESSIVE;
				CLANG_WARN_UNREACHABLE_CODE = YES;
				CLANG_WARN__DUPLICATE_METHOD_MATCH = YES;
				COPY_PHASE_STRIP = NO;
				DEBUG_INFORMATION_FORMAT = "dwarf-with-dsym";
				ENABLE_NS_ASSERTIONS = NO;
				ENABLE_STRICT_OBJC_MSGSEND = YES;
				GCC_C_LANGUAGE_STANDARD = gnu11;
				GCC_NO_COMMON_BLOCKS = YES;
				GCC_WARN_64_TO_32_BIT_CONVERSION = YES;
				GCC_WARN_ABOUT_RETURN_TYPE = YES_ERROR;
				GCC_WARN_UNDECLARED_SELECTOR = YES;
				GCC_WARN_UNINITIALIZED_AUTOS = YES_AGGRESSIVE;
				GCC_WARN_UNUSED_FUNCTION = YES;
				GCC_WARN_UNUSED_VARIABLE = YES;
				IPHONEOS_DEPLOYMENT_TARGET = 15.5;
				MTL_ENABLE_DEBUG_INFO = NO;
				MTL_FAST_MATH = YES;
				SDKROOT = iphoneos;
				VALIDATE_PRODUCT = YES;
			};
			name = Release;
		};
		53A7EF4F286A2A6B008F4444 /* Debug */ = {
			isa = XCBuildConfiguration;
			buildSettings = {
				ASSETCATALOG_COMPILER_APPICON_NAME = AppIcon;
				ASSETCATALOG_COMPILER_GLOBAL_ACCENT_COLOR_NAME = AccentColor;
				CODE_SIGN_STYLE = Automatic;
				CURRENT_PROJECT_VERSION = 1;
				DEVELOPMENT_TEAM = MMMF73JAZU;
				GENERATE_INFOPLIST_FILE = YES;
				INFOPLIST_FILE = Instagram/Info.plist;
				INFOPLIST_KEY_UIApplicationSupportsIndirectInputEvents = YES;
				INFOPLIST_KEY_UILaunchStoryboardName = LaunchScreen;
				INFOPLIST_KEY_UIMainStoryboardFile = Main;
				INFOPLIST_KEY_UISupportedInterfaceOrientations_iPad = "UIInterfaceOrientationPortrait UIInterfaceOrientationPortraitUpsideDown UIInterfaceOrientationLandscapeLeft UIInterfaceOrientationLandscapeRight";
				INFOPLIST_KEY_UISupportedInterfaceOrientations_iPhone = "UIInterfaceOrientationPortrait UIInterfaceOrientationLandscapeLeft UIInterfaceOrientationLandscapeRight";
				LD_RUNPATH_SEARCH_PATHS = (
					"$(inherited)",
					"@executable_path/Frameworks",
				);
				MARKETING_VERSION = 1.0;
				PRODUCT_BUNDLE_IDENTIFIER = com.alicezhang.Instagram;
				PRODUCT_NAME = "$(TARGET_NAME)";
				SWIFT_EMIT_LOC_STRINGS = YES;
				TARGETED_DEVICE_FAMILY = "1,2";
			};
			name = Debug;
		};
		53A7EF50286A2A6B008F4444 /* Release */ = {
			isa = XCBuildConfiguration;
			buildSettings = {
				ASSETCATALOG_COMPILER_APPICON_NAME = AppIcon;
				ASSETCATALOG_COMPILER_GLOBAL_ACCENT_COLOR_NAME = AccentColor;
				CODE_SIGN_STYLE = Automatic;
				CURRENT_PROJECT_VERSION = 1;
				DEVELOPMENT_TEAM = MMMF73JAZU;
				GENERATE_INFOPLIST_FILE = YES;
				INFOPLIST_FILE = Instagram/Info.plist;
				INFOPLIST_KEY_UIApplicationSupportsIndirectInputEvents = YES;
				INFOPLIST_KEY_UILaunchStoryboardName = LaunchScreen;
				INFOPLIST_KEY_UIMainStoryboardFile = Main;
				INFOPLIST_KEY_UISupportedInterfaceOrientations_iPad = "UIInterfaceOrientationPortrait UIInterfaceOrientationPortraitUpsideDown UIInterfaceOrientationLandscapeLeft UIInterfaceOrientationLandscapeRight";
				INFOPLIST_KEY_UISupportedInterfaceOrientations_iPhone = "UIInterfaceOrientationPortrait UIInterfaceOrientationLandscapeLeft UIInterfaceOrientationLandscapeRight";
				LD_RUNPATH_SEARCH_PATHS = (
					"$(inherited)",
					"@executable_path/Frameworks",
				);
				MARKETING_VERSION = 1.0;
				PRODUCT_BUNDLE_IDENTIFIER = com.alicezhang.Instagram;
				PRODUCT_NAME = "$(TARGET_NAME)";
				SWIFT_EMIT_LOC_STRINGS = YES;
				TARGETED_DEVICE_FAMILY = "1,2";
			};
			name = Release;
		};
		53A7EF52286A2A6B008F4444 /* Debug */ = {
			isa = XCBuildConfiguration;
			buildSettings = {
				BUNDLE_LOADER = "$(TEST_HOST)";
				CODE_SIGN_STYLE = Automatic;
				CURRENT_PROJECT_VERSION = 1;
				DEVELOPMENT_TEAM = MMMF73JAZU;
				GENERATE_INFOPLIST_FILE = YES;
				IPHONEOS_DEPLOYMENT_TARGET = 15.5;
				MARKETING_VERSION = 1.0;
				PRODUCT_BUNDLE_IDENTIFIER = com.alicezhang.InstagramTests;
				PRODUCT_NAME = "$(TARGET_NAME)";
				SWIFT_EMIT_LOC_STRINGS = NO;
				TARGETED_DEVICE_FAMILY = "1,2";
				TEST_HOST = "$(BUILT_PRODUCTS_DIR)/Instagram.app/Instagram";
			};
			name = Debug;
		};
		53A7EF53286A2A6B008F4444 /* Release */ = {
			isa = XCBuildConfiguration;
			buildSettings = {
				BUNDLE_LOADER = "$(TEST_HOST)";
				CODE_SIGN_STYLE = Automatic;
				CURRENT_PROJECT_VERSION = 1;
				DEVELOPMENT_TEAM = MMMF73JAZU;
				GENERATE_INFOPLIST_FILE = YES;
				IPHONEOS_DEPLOYMENT_TARGET = 15.5;
				MARKETING_VERSION = 1.0;
				PRODUCT_BUNDLE_IDENTIFIER = com.alicezhang.InstagramTests;
				PRODUCT_NAME = "$(TARGET_NAME)";
				SWIFT_EMIT_LOC_STRINGS = NO;
				TARGETED_DEVICE_FAMILY = "1,2";
				TEST_HOST = "$(BUILT_PRODUCTS_DIR)/Instagram.app/Instagram";
			};
			name = Release;
		};
		53A7EF55286A2A6B008F4444 /* Debug */ = {
			isa = XCBuildConfiguration;
			buildSettings = {
				CODE_SIGN_STYLE = Automatic;
				CURRENT_PROJECT_VERSION = 1;
				DEVELOPMENT_TEAM = MMMF73JAZU;
				GENERATE_INFOPLIST_FILE = YES;
				MARKETING_VERSION = 1.0;
				PRODUCT_BUNDLE_IDENTIFIER = com.alicezhang.InstagramUITests;
				PRODUCT_NAME = "$(TARGET_NAME)";
				SWIFT_EMIT_LOC_STRINGS = NO;
				TARGETED_DEVICE_FAMILY = "1,2";
				TEST_TARGET_NAME = Instagram;
			};
			name = Debug;
		};
		53A7EF56286A2A6B008F4444 /* Release */ = {
			isa = XCBuildConfiguration;
			buildSettings = {
				CODE_SIGN_STYLE = Automatic;
				CURRENT_PROJECT_VERSION = 1;
				DEVELOPMENT_TEAM = MMMF73JAZU;
				GENERATE_INFOPLIST_FILE = YES;
				MARKETING_VERSION = 1.0;
				PRODUCT_BUNDLE_IDENTIFIER = com.alicezhang.InstagramUITests;
				PRODUCT_NAME = "$(TARGET_NAME)";
				SWIFT_EMIT_LOC_STRINGS = NO;
				TARGETED_DEVICE_FAMILY = "1,2";
				TEST_TARGET_NAME = Instagram;
			};
			name = Release;
		};
/* End XCBuildConfiguration section */

/* Begin XCConfigurationList section */
		53A7EF1A286A2A6A008F4444 /* Build configuration list for PBXProject "Instagram" */ = {
			isa = XCConfigurationList;
			buildConfigurations = (
				53A7EF4C286A2A6B008F4444 /* Debug */,
				53A7EF4D286A2A6B008F4444 /* Release */,
			);
			defaultConfigurationIsVisible = 0;
			defaultConfigurationName = Release;
		};
		53A7EF4E286A2A6B008F4444 /* Build configuration list for PBXNativeTarget "Instagram" */ = {
			isa = XCConfigurationList;
			buildConfigurations = (
				53A7EF4F286A2A6B008F4444 /* Debug */,
				53A7EF50286A2A6B008F4444 /* Release */,
			);
			defaultConfigurationIsVisible = 0;
			defaultConfigurationName = Release;
		};
		53A7EF51286A2A6B008F4444 /* Build configuration list for PBXNativeTarget "InstagramTests" */ = {
			isa = XCConfigurationList;
			buildConfigurations = (
				53A7EF52286A2A6B008F4444 /* Debug */,
				53A7EF53286A2A6B008F4444 /* Release */,
			);
			defaultConfigurationIsVisible = 0;
			defaultConfigurationName = Release;
		};
		53A7EF54286A2A6B008F4444 /* Build configuration list for PBXNativeTarget "InstagramUITests" */ = {
			isa = XCConfigurationList;
			buildConfigurations = (
				53A7EF55286A2A6B008F4444 /* Debug */,
				53A7EF56286A2A6B008F4444 /* Release */,
			);
			defaultConfigurationIsVisible = 0;
			defaultConfigurationName = Release;
		};
/* End XCConfigurationList section */
	};
	rootObject = 53A7EF17286A2A6A008F4444 /* Project object */;
}
